{
  "name": "dia-10",
  "version": "1.0.0",
  "lockfileVersion": 1,
  "requires": true,
  "dependencies": {
    "crossenv": {
      "version": "0.0.2-security",
      "resolved": "https://registry.npmjs.org/crossenv/-/crossenv-0.0.2-security.tgz",
      "integrity": "sha512-Zet/ldwzo70I+vUnjM9yHCWo2iqK/RM2s2VnZDNPE/fN062UXYXGqu9Hd7HlhNVhnYGclPcjNoySWhug5lctHw==",
      "dev": true
    },
    "dotenv": {
      "version": "8.2.0",
      "resolved": "https://registry.npmjs.org/dotenv/-/dotenv-8.2.0.tgz",
      "integrity": "sha512-8sJ78ElpbDJBHNeBzUbUVLsqKdccaa/BXF1uPTw3GrvQTBgrQrtObr2mUrE38vzYd8cEv+m/JBfDLioYcfXoaw=="
    },
    "nodemailer": {
      "version": "6.5.0",
      "resolved": "https://registry.npmjs.org/nodemailer/-/nodemailer-6.5.0.tgz",
      "integrity": "sha512-Tm4RPrrIZbnqDKAvX+/4M+zovEReiKlEXWDzG4iwtpL9X34MJY+D5LnQPH/+eghe8DLlAVshHAJZAZWBGhkguw=="
    }
  }
}
